
Microsoft Visual Studio Solution File, Format Version 12.00
# Visual Studio 14
VisualStudioVersion = 14.0.25420.1
MinimumVisualStudioVersion = 10.0.40219.1
Project("{2150E333-8FDC-42A3-9474-1A3956D46DE8}") = "src", "src", "{9283B4F0-9DC4-47C4-A88A-63308DAD533D}"
EndProject
Project("{2150E333-8FDC-42A3-9474-1A3956D46DE8}") = "Solution Items", "Solution Items", "{B25389C6-FC1E-40C2-9557-38AEE6C8CFB9}"
	ProjectSection(SolutionItems) = preProject
		global.json = global.json
	EndProjectSection
EndProject
Project("{8BB2217D-0F2D-49D1-97BC-3654ED321F3B}") = "ZSNMSWebAPI", "src\ZSNMSWebAPI\ZSNMSWebAPI.xproj", "{79DB6CC3-72BD-477E-8281-0536329D1C68}"
EndProject
Global
	GlobalSection(SolutionConfigurationPlatforms) = preSolution
		Debug|Any CPU = Debug|Any CPU
		Release|Any CPU = Release|Any CPU
	EndGlobalSection
	GlobalSection(ProjectConfigurationPlatforms) = postSolution
		{79DB6CC3-72BD-477E-8281-0536329D1C68}.Debug|Any CPU.ActiveCfg = Debug|Any CPU
		{79DB6CC3-72BD-477E-8281-0536329D1C68}.Debug|Any CPU.Build.0 = Debug|Any CPU
		{79DB6CC3-72BD-477E-8281-0536329D1C68}.Release|Any CPU.ActiveCfg = Release|Any CPU
		{79DB6CC3-72BD-477E-8281-0536329D1C68}.Release|Any CPU.Build.0 = Release|Any CPU
	EndGlobalSection
	GlobalSection(SolutionProperties) = preSolution
		HideSolutionNode = FALSE
	EndGlobalSection
	GlobalSection(NestedProjects) = preSolution
		{79DB6CC3-72BD-477E-8281-0536329D1C68} = {9283B4F0-9DC4-47C4-A88A-63308DAD533D}
	EndGlobalSection
EndGlobal
